<?xml version="1.0" encoding="utf-8"?>
<Project ToolsVersion="4.0" xmlns="http://schemas.microsoft.com/developer/msbuild/2003">
  <ItemGroup>
    <ClCompile Include="Engine\App.cpp" />
    <ClCompile Include="Engine\Camera2D.cpp" />
    <ClCompile Include="Engine\ShaderManager.cpp" />
    <ClCompile Include="Engine\ShaderProgram.cpp" />
    <ClCompile Include="Engine\Sprite.cpp" />
    <ClCompile Include="Engine\SpriteBatch.cpp" />
    <ClCompile Include="Engine\TextureManager.cpp" />
    <ClCompile Include="Piece.cpp" />
    <ClCompile Include="main.cpp" />
    <ClCompile Include="Board.cpp" />
  </ItemGroup>
  <ItemGroup>
    <ClInclude Include="Engine\App.h" />
    <ClInclude Include="Engine\Camera2D.h" />
    <ClInclude Include="Engine\ShaderManager.h" />
    <ClInclude Include="Engine\ShaderProgram.h" />
    <ClInclude Include="Engine\Sprite.h" />
    <ClInclude Include="Engine\SpriteBatch.h" />
    <ClInclude Include="Engine\TextureManager.h" />
    <ClInclude Include="Engine\Vertex.h" />
    <ClInclude Include="Piece.h" />
    <ClInclude Include="Board.h" />
  </ItemGroup>
  <ItemGroup>
    <Text Include="Shaders\colorShading.frag" />
    <Text Include="Shaders\colorShading.vert" />
    <Text Include="Shaders\spriteShading.vert" />
    <Text Include="Shaders\spriteShading.frag" />
  </ItemGroup>
</Project>